
Microsoft Visual Studio Solution File, Format Version 12.00
# Visual Studio Version 17
VisualStudioVersion = 17.13.35931.197
MinimumVisualStudioVersion = 10.0.40219.1
Project("{2150E333-8FDC-42A3-9474-1A3956D46DE8}") = "src", "src", "{02EA681E-C7D8-13C7-8484-4AC65E1B71E8}"
EndProject
Project("{2150E333-8FDC-42A3-9474-1A3956D46DE8}") = "test", "test", "{F37A76EC-2D5C-4E8B-9ED8-44C8D26194CF}"
EndProject
Project("{2150E333-8FDC-42A3-9474-1A3956D46DE8}") = "Core", "Core", "{FF527C88-4B61-4A17-9961-64A48E21E1DC}"
EndProject
Project("{2150E333-8FDC-42A3-9474-1A3956D46DE8}") = "Infrastructure", "Infrastructure", "{3864EEB5-5F03-41D2-AE11-34094C52BB90}"
EndProject
Project("{2150E333-8FDC-42A3-9474-1A3956D46DE8}") = "Presentation", "Presentation", "{26B336C8-24AA-44BA-AE4A-6FABC0825160}"
EndProject
Project("{FAE04EC0-301F-11D3-BF4B-00C04F79EFBC}") = "CleanArchitecture.Core.Domain", "CleanArchitecture.Core.Domain\CleanArchitecture.Core.Domain.csproj", "{5F82CAC4-D366-4426-9711-C030D504B715}"
EndProject
Project("{FAE04EC0-301F-11D3-BF4B-00C04F79EFBC}") = "CleanArchitecture.Infrastructure.Persistence", "CleanArchitecture.Infrastracture.Persistence\CleanArchitecture.Infrastructure.Persistence.csproj", "{97B367B0-6384-43D3-BC1F-B2A86435228F}"
EndProject
Project("{FAE04EC0-301F-11D3-BF4B-00C04F79EFBC}") = "CleanArchitecture.Core.Application", "CleanArchitecture.Core.Application\CleanArchitecture.Core.Application.csproj", "{0D4E2892-E2BB-49FF-83D5-48ABB933116E}"
EndProject
Project("{FAE04EC0-301F-11D3-BF4B-00C04F79EFBC}") = "CleanArchitecture.Infrastructure.Resources", "CleanArchitecture.Infrastructure.Resources\CleanArchitecture.Infrastructure.Resources.csproj", "{CC062809-2C8D-4E46-991B-B32946898BC0}"
EndProject
Global
	GlobalSection(SolutionConfigurationPlatforms) = preSolution
		Debug|Any CPU = Debug|Any CPU
		Release|Any CPU = Release|Any CPU
	EndGlobalSection
	GlobalSection(ProjectConfigurationPlatforms) = postSolution
		{5F82CAC4-D366-4426-9711-C030D504B715}.Debug|Any CPU.ActiveCfg = Debug|Any CPU
		{5F82CAC4-D366-4426-9711-C030D504B715}.Debug|Any CPU.Build.0 = Debug|Any CPU
		{5F82CAC4-D366-4426-9711-C030D504B715}.Release|Any CPU.ActiveCfg = Release|Any CPU
		{5F82CAC4-D366-4426-9711-C030D504B715}.Release|Any CPU.Build.0 = Release|Any CPU
		{97B367B0-6384-43D3-BC1F-B2A86435228F}.Debug|Any CPU.ActiveCfg = Debug|Any CPU
		{97B367B0-6384-43D3-BC1F-B2A86435228F}.Debug|Any CPU.Build.0 = Debug|Any CPU
		{97B367B0-6384-43D3-BC1F-B2A86435228F}.Release|Any CPU.ActiveCfg = Release|Any CPU
		{97B367B0-6384-43D3-BC1F-B2A86435228F}.Release|Any CPU.Build.0 = Release|Any CPU
		{0D4E2892-E2BB-49FF-83D5-48ABB933116E}.Debug|Any CPU.ActiveCfg = Debug|Any CPU
		{0D4E2892-E2BB-49FF-83D5-48ABB933116E}.Debug|Any CPU.Build.0 = Debug|Any CPU
		{0D4E2892-E2BB-49FF-83D5-48ABB933116E}.Release|Any CPU.ActiveCfg = Release|Any CPU
		{0D4E2892-E2BB-49FF-83D5-48ABB933116E}.Release|Any CPU.Build.0 = Release|Any CPU
		{CC062809-2C8D-4E46-991B-B32946898BC0}.Debug|Any CPU.ActiveCfg = Debug|Any CPU
		{CC062809-2C8D-4E46-991B-B32946898BC0}.Debug|Any CPU.Build.0 = Debug|Any CPU
		{CC062809-2C8D-4E46-991B-B32946898BC0}.Release|Any CPU.ActiveCfg = Release|Any CPU
		{CC062809-2C8D-4E46-991B-B32946898BC0}.Release|Any CPU.Build.0 = Release|Any CPU
	EndGlobalSection
	GlobalSection(SolutionProperties) = preSolution
		HideSolutionNode = FALSE
	EndGlobalSection
	GlobalSection(NestedProjects) = preSolution
		{FF527C88-4B61-4A17-9961-64A48E21E1DC} = {02EA681E-C7D8-13C7-8484-4AC65E1B71E8}
		{3864EEB5-5F03-41D2-AE11-34094C52BB90} = {02EA681E-C7D8-13C7-8484-4AC65E1B71E8}
		{26B336C8-24AA-44BA-AE4A-6FABC0825160} = {02EA681E-C7D8-13C7-8484-4AC65E1B71E8}
		{5F82CAC4-D366-4426-9711-C030D504B715} = {FF527C88-4B61-4A17-9961-64A48E21E1DC}
		{97B367B0-6384-43D3-BC1F-B2A86435228F} = {3864EEB5-5F03-41D2-AE11-34094C52BB90}
		{0D4E2892-E2BB-49FF-83D5-48ABB933116E} = {FF527C88-4B61-4A17-9961-64A48E21E1DC}
		{CC062809-2C8D-4E46-991B-B32946898BC0} = {3864EEB5-5F03-41D2-AE11-34094C52BB90}
	EndGlobalSection
	GlobalSection(ExtensibilityGlobals) = postSolution
		SolutionGuid = {C80F1000-1C71-430C-BF7F-F9717D999D34}
	EndGlobalSection
EndGlobal
