
Microsoft Visual Studio Solution File, Format Version 12.00
# Visual Studio Version 17
VisualStudioVersion = 17.13.35931.197
MinimumVisualStudioVersion = 10.0.40219.1
Project("{2150E333-8FDC-42A3-9474-1A3956D46DE8}") = "src", "src", "{02EA681E-C7D8-13C7-8484-4AC65E1B71E8}"
EndProject
Project("{2150E333-8FDC-42A3-9474-1A3956D46DE8}") = "Core", "Core", "{1302BBAC-6D51-46BC-B0DC-DA1C43B1B3D4}"
EndProject
Project("{2150E333-8FDC-42A3-9474-1A3956D46DE8}") = "Infrastructure", "Infrastructure", "{3BFDBC92-F2B0-4772-9FAE-B2643F3AF102}"
EndProject
Project("{2150E333-8FDC-42A3-9474-1A3956D46DE8}") = "Presentation", "Presentation", "{AED6AFEB-4196-468D-8EAA-E16A31656599}"
EndProject
Project("{FAE04EC0-301F-11D3-BF4B-00C04F79EFBC}") = "Domain", "Domain\Domain.csproj", "{C6AF7156-0A15-44F3-BD09-EEEC107BAE58}"
EndProject
Project("{FAE04EC0-301F-11D3-BF4B-00C04F79EFBC}") = "Application", "Application\Application.csproj", "{F411AB95-C633-434E-8E9E-20617A65FEF1}"
EndProject
Project("{FAE04EC0-301F-11D3-BF4B-00C04F79EFBC}") = "Persistence", "Persistence\Persistence.csproj", "{1F50CB0F-849C-4599-8C73-6A12261E8756}"
EndProject
Project("{FAE04EC0-301F-11D3-BF4B-00C04F79EFBC}") = "Web", "Web\Web.csproj", "{10A68DF2-79BA-4DED-AB1B-965909180BA6}"
EndProject
Project("{FAE04EC0-301F-11D3-BF4B-00C04F79EFBC}") = "Infrastructure", "Infrastructure\Infrastructure.csproj", "{D0D6D65D-2535-42B0-85C7-B3CA2D943B64}"
EndProject
Project("{FAE04EC0-301F-11D3-BF4B-00C04F79EFBC}") = "AppHost", "AppHost\AppHost.csproj", "{190CDD97-E8C5-46E2-9626-5BBD9B2564EA}"
EndProject
Project("{FAE04EC0-301F-11D3-BF4B-00C04F79EFBC}") = "ServiceDefaults", "ServiceDefaults\ServiceDefaults.csproj", "{ABD55F91-849E-4687-9F74-24727BE62A4D}"
EndProject
Project("{FAE04EC0-301F-11D3-BF4B-00C04F79EFBC}") = "Shared", "Shared\Shared.csproj", "{F8BEE674-F66F-466C-8E11-3FCFA9DC11C7}"
EndProject
Project("{2150E333-8FDC-42A3-9474-1A3956D46DE8}") = "tests", "tests", "{0AB3BF05-4346-4AA6-1389-037BE0695223}"
EndProject
Project("{2150E333-8FDC-42A3-9474-1A3956D46DE8}") = "Unit", "Unit", "{9D556B49-86D1-93A7-9596-FFAAB74EC556}"
EndProject
Project("{FAE04EC0-301F-11D3-BF4B-00C04F79EFBC}") = "Domain.UnitTests", "tests\Unit\Domain.UnitTests\Domain.UnitTests.csproj", "{46BDE1C1-5375-47BC-99AA-355B72B5AFDB}"
EndProject
Project("{FAE04EC0-301F-11D3-BF4B-00C04F79EFBC}") = "Application.UnitTests", "tests\Unit\Application.UnitTests\Application.UnitTests.csproj", "{56F706D3-40A4-4293-8D9C-24D1860E0333}"
EndProject
Project("{FAE04EC0-301F-11D3-BF4B-00C04F79EFBC}") = "Infrastructure.UnitTests", "tests\Unit\Infrastructure.UnitTests\Infrastructure.UnitTests.csproj", "{24A04D75-0FA6-4E09-A48D-A40FA5BFF22E}"
EndProject
Project("{FAE04EC0-301F-11D3-BF4B-00C04F79EFBC}") = "Application.IntegrationTests", "tests\Integration\Application.IntegrationTests\Application.IntegrationTests.csproj", "{76079F31-DD29-4BC5-A254-99D437AFB273}"
EndProject
Project("{FAE04EC0-301F-11D3-BF4B-00C04F79EFBC}") = "Persistence.IntegrationTests", "tests\Integration\Persistence.IntegrationTests\Persistence.IntegrationTests.csproj", "{BEA6AFAB-DF94-416F-823E-771F64EA92EB}"
EndProject
Project("{FAE04EC0-301F-11D3-BF4B-00C04F79EFBC}") = "Web.IntegrationTests", "tests\EndToEnd\Web.IntegrationTests\Web.IntegrationTests.csproj", "{DA4532B7-EFF4-4C2E-B7EC-A4B3D9FBBD9D}"
EndProject
Global
	GlobalSection(SolutionConfigurationPlatforms) = preSolution
		Debug|Any CPU = Debug|Any CPU
		Debug|x64 = Debug|x64
		Debug|x86 = Debug|x86
		Release|Any CPU = Release|Any CPU
		Release|x64 = Release|x64
		Release|x86 = Release|x86
	EndGlobalSection
	GlobalSection(ProjectConfigurationPlatforms) = postSolution
		{C6AF7156-0A15-44F3-BD09-EEEC107BAE58}.Debug|Any CPU.ActiveCfg = Debug|Any CPU
		{C6AF7156-0A15-44F3-BD09-EEEC107BAE58}.Debug|Any CPU.Build.0 = Debug|Any CPU
		{C6AF7156-0A15-44F3-BD09-EEEC107BAE58}.Debug|x64.ActiveCfg = Debug|Any CPU
		{C6AF7156-0A15-44F3-BD09-EEEC107BAE58}.Debug|x64.Build.0 = Debug|Any CPU
		{C6AF7156-0A15-44F3-BD09-EEEC107BAE58}.Debug|x86.ActiveCfg = Debug|Any CPU
		{C6AF7156-0A15-44F3-BD09-EEEC107BAE58}.Debug|x86.Build.0 = Debug|Any CPU
		{C6AF7156-0A15-44F3-BD09-EEEC107BAE58}.Release|Any CPU.ActiveCfg = Release|Any CPU
		{C6AF7156-0A15-44F3-BD09-EEEC107BAE58}.Release|Any CPU.Build.0 = Release|Any CPU
		{C6AF7156-0A15-44F3-BD09-EEEC107BAE58}.Release|x64.ActiveCfg = Release|Any CPU
		{C6AF7156-0A15-44F3-BD09-EEEC107BAE58}.Release|x64.Build.0 = Release|Any CPU
		{C6AF7156-0A15-44F3-BD09-EEEC107BAE58}.Release|x86.ActiveCfg = Release|Any CPU
		{C6AF7156-0A15-44F3-BD09-EEEC107BAE58}.Release|x86.Build.0 = Release|Any CPU
		{F411AB95-C633-434E-8E9E-20617A65FEF1}.Debug|Any CPU.ActiveCfg = Debug|Any CPU
		{F411AB95-C633-434E-8E9E-20617A65FEF1}.Debug|Any CPU.Build.0 = Debug|Any CPU
		{F411AB95-C633-434E-8E9E-20617A65FEF1}.Debug|x64.ActiveCfg = Debug|Any CPU
		{F411AB95-C633-434E-8E9E-20617A65FEF1}.Debug|x64.Build.0 = Debug|Any CPU
		{F411AB95-C633-434E-8E9E-20617A65FEF1}.Debug|x86.ActiveCfg = Debug|Any CPU
		{F411AB95-C633-434E-8E9E-20617A65FEF1}.Debug|x86.Build.0 = Debug|Any CPU
		{F411AB95-C633-434E-8E9E-20617A65FEF1}.Release|Any CPU.ActiveCfg = Release|Any CPU
		{F411AB95-C633-434E-8E9E-20617A65FEF1}.Release|Any CPU.Build.0 = Release|Any CPU
		{F411AB95-C633-434E-8E9E-20617A65FEF1}.Release|x64.ActiveCfg = Release|Any CPU
		{F411AB95-C633-434E-8E9E-20617A65FEF1}.Release|x64.Build.0 = Release|Any CPU
		{F411AB95-C633-434E-8E9E-20617A65FEF1}.Release|x86.ActiveCfg = Release|Any CPU
		{F411AB95-C633-434E-8E9E-20617A65FEF1}.Release|x86.Build.0 = Release|Any CPU
		{1F50CB0F-849C-4599-8C73-6A12261E8756}.Debug|Any CPU.ActiveCfg = Debug|Any CPU
		{1F50CB0F-849C-4599-8C73-6A12261E8756}.Debug|Any CPU.Build.0 = Debug|Any CPU
		{1F50CB0F-849C-4599-8C73-6A12261E8756}.Debug|x64.ActiveCfg = Debug|Any CPU
		{1F50CB0F-849C-4599-8C73-6A12261E8756}.Debug|x64.Build.0 = Debug|Any CPU
		{1F50CB0F-849C-4599-8C73-6A12261E8756}.Debug|x86.ActiveCfg = Debug|Any CPU
		{1F50CB0F-849C-4599-8C73-6A12261E8756}.Debug|x86.Build.0 = Debug|Any CPU
		{1F50CB0F-849C-4599-8C73-6A12261E8756}.Release|Any CPU.ActiveCfg = Release|Any CPU
		{1F50CB0F-849C-4599-8C73-6A12261E8756}.Release|Any CPU.Build.0 = Release|Any CPU
		{1F50CB0F-849C-4599-8C73-6A12261E8756}.Release|x64.ActiveCfg = Release|Any CPU
		{1F50CB0F-849C-4599-8C73-6A12261E8756}.Release|x64.Build.0 = Release|Any CPU
		{1F50CB0F-849C-4599-8C73-6A12261E8756}.Release|x86.ActiveCfg = Release|Any CPU
		{1F50CB0F-849C-4599-8C73-6A12261E8756}.Release|x86.Build.0 = Release|Any CPU
		{10A68DF2-79BA-4DED-AB1B-965909180BA6}.Debug|Any CPU.ActiveCfg = Debug|Any CPU
		{10A68DF2-79BA-4DED-AB1B-965909180BA6}.Debug|Any CPU.Build.0 = Debug|Any CPU
		{10A68DF2-79BA-4DED-AB1B-965909180BA6}.Debug|x64.ActiveCfg = Debug|Any CPU
		{10A68DF2-79BA-4DED-AB1B-965909180BA6}.Debug|x64.Build.0 = Debug|Any CPU
		{10A68DF2-79BA-4DED-AB1B-965909180BA6}.Debug|x86.ActiveCfg = Debug|Any CPU
		{10A68DF2-79BA-4DED-AB1B-965909180BA6}.Debug|x86.Build.0 = Debug|Any CPU
		{10A68DF2-79BA-4DED-AB1B-965909180BA6}.Release|Any CPU.ActiveCfg = Release|Any CPU
		{10A68DF2-79BA-4DED-AB1B-965909180BA6}.Release|Any CPU.Build.0 = Release|Any CPU
		{10A68DF2-79BA-4DED-AB1B-965909180BA6}.Release|x64.ActiveCfg = Release|Any CPU
		{10A68DF2-79BA-4DED-AB1B-965909180BA6}.Release|x64.Build.0 = Release|Any CPU
		{10A68DF2-79BA-4DED-AB1B-965909180BA6}.Release|x86.ActiveCfg = Release|Any CPU
		{10A68DF2-79BA-4DED-AB1B-965909180BA6}.Release|x86.Build.0 = Release|Any CPU
		{D0D6D65D-2535-42B0-85C7-B3CA2D943B64}.Debug|Any CPU.ActiveCfg = Debug|Any CPU
		{D0D6D65D-2535-42B0-85C7-B3CA2D943B64}.Debug|Any CPU.Build.0 = Debug|Any CPU
		{D0D6D65D-2535-42B0-85C7-B3CA2D943B64}.Debug|x64.ActiveCfg = Debug|Any CPU
		{D0D6D65D-2535-42B0-85C7-B3CA2D943B64}.Debug|x64.Build.0 = Debug|Any CPU
		{D0D6D65D-2535-42B0-85C7-B3CA2D943B64}.Debug|x86.ActiveCfg = Debug|Any CPU
		{D0D6D65D-2535-42B0-85C7-B3CA2D943B64}.Debug|x86.Build.0 = Debug|Any CPU
		{D0D6D65D-2535-42B0-85C7-B3CA2D943B64}.Release|Any CPU.ActiveCfg = Release|Any CPU
		{D0D6D65D-2535-42B0-85C7-B3CA2D943B64}.Release|Any CPU.Build.0 = Release|Any CPU
		{D0D6D65D-2535-42B0-85C7-B3CA2D943B64}.Release|x64.ActiveCfg = Release|Any CPU
		{D0D6D65D-2535-42B0-85C7-B3CA2D943B64}.Release|x64.Build.0 = Release|Any CPU
		{D0D6D65D-2535-42B0-85C7-B3CA2D943B64}.Release|x86.ActiveCfg = Release|Any CPU
		{D0D6D65D-2535-42B0-85C7-B3CA2D943B64}.Release|x86.Build.0 = Release|Any CPU
		{190CDD97-E8C5-46E2-9626-5BBD9B2564EA}.Debug|Any CPU.ActiveCfg = Debug|Any CPU
		{190CDD97-E8C5-46E2-9626-5BBD9B2564EA}.Debug|Any CPU.Build.0 = Debug|Any CPU
		{190CDD97-E8C5-46E2-9626-5BBD9B2564EA}.Debug|x64.ActiveCfg = Debug|Any CPU
		{190CDD97-E8C5-46E2-9626-5BBD9B2564EA}.Debug|x64.Build.0 = Debug|Any CPU
		{190CDD97-E8C5-46E2-9626-5BBD9B2564EA}.Debug|x86.ActiveCfg = Debug|Any CPU
		{190CDD97-E8C5-46E2-9626-5BBD9B2564EA}.Debug|x86.Build.0 = Debug|Any CPU
		{190CDD97-E8C5-46E2-9626-5BBD9B2564EA}.Release|Any CPU.ActiveCfg = Release|Any CPU
		{190CDD97-E8C5-46E2-9626-5BBD9B2564EA}.Release|Any CPU.Build.0 = Release|Any CPU
		{190CDD97-E8C5-46E2-9626-5BBD9B2564EA}.Release|x64.ActiveCfg = Release|Any CPU
		{190CDD97-E8C5-46E2-9626-5BBD9B2564EA}.Release|x64.Build.0 = Release|Any CPU
		{190CDD97-E8C5-46E2-9626-5BBD9B2564EA}.Release|x86.ActiveCfg = Release|Any CPU
		{190CDD97-E8C5-46E2-9626-5BBD9B2564EA}.Release|x86.Build.0 = Release|Any CPU
		{ABD55F91-849E-4687-9F74-24727BE62A4D}.Debug|Any CPU.ActiveCfg = Debug|Any CPU
		{ABD55F91-849E-4687-9F74-24727BE62A4D}.Debug|Any CPU.Build.0 = Debug|Any CPU
		{ABD55F91-849E-4687-9F74-24727BE62A4D}.Debug|x64.ActiveCfg = Debug|Any CPU
		{ABD55F91-849E-4687-9F74-24727BE62A4D}.Debug|x64.Build.0 = Debug|Any CPU
		{ABD55F91-849E-4687-9F74-24727BE62A4D}.Debug|x86.ActiveCfg = Debug|Any CPU
		{ABD55F91-849E-4687-9F74-24727BE62A4D}.Debug|x86.Build.0 = Debug|Any CPU
		{ABD55F91-849E-4687-9F74-24727BE62A4D}.Release|Any CPU.ActiveCfg = Release|Any CPU
		{ABD55F91-849E-4687-9F74-24727BE62A4D}.Release|Any CPU.Build.0 = Release|Any CPU
		{ABD55F91-849E-4687-9F74-24727BE62A4D}.Release|x64.ActiveCfg = Release|Any CPU
		{ABD55F91-849E-4687-9F74-24727BE62A4D}.Release|x64.Build.0 = Release|Any CPU
		{ABD55F91-849E-4687-9F74-24727BE62A4D}.Release|x86.ActiveCfg = Release|Any CPU
		{ABD55F91-849E-4687-9F74-24727BE62A4D}.Release|x86.Build.0 = Release|Any CPU
		{F8BEE674-F66F-466C-8E11-3FCFA9DC11C7}.Debug|Any CPU.ActiveCfg = Debug|Any CPU
		{F8BEE674-F66F-466C-8E11-3FCFA9DC11C7}.Debug|Any CPU.Build.0 = Debug|Any CPU
		{F8BEE674-F66F-466C-8E11-3FCFA9DC11C7}.Debug|x64.ActiveCfg = Debug|Any CPU
		{F8BEE674-F66F-466C-8E11-3FCFA9DC11C7}.Debug|x64.Build.0 = Debug|Any CPU
		{F8BEE674-F66F-466C-8E11-3FCFA9DC11C7}.Debug|x86.ActiveCfg = Debug|Any CPU
		{F8BEE674-F66F-466C-8E11-3FCFA9DC11C7}.Debug|x86.Build.0 = Debug|Any CPU
		{F8BEE674-F66F-466C-8E11-3FCFA9DC11C7}.Release|Any CPU.ActiveCfg = Release|Any CPU
		{F8BEE674-F66F-466C-8E11-3FCFA9DC11C7}.Release|Any CPU.Build.0 = Release|Any CPU
		{F8BEE674-F66F-466C-8E11-3FCFA9DC11C7}.Release|x64.ActiveCfg = Release|Any CPU
		{F8BEE674-F66F-466C-8E11-3FCFA9DC11C7}.Release|x64.Build.0 = Release|Any CPU
		{F8BEE674-F66F-466C-8E11-3FCFA9DC11C7}.Release|x86.ActiveCfg = Release|Any CPU
		{F8BEE674-F66F-466C-8E11-3FCFA9DC11C7}.Release|x86.Build.0 = Release|Any CPU
		{46BDE1C1-5375-47BC-99AA-355B72B5AFDB}.Debug|Any CPU.ActiveCfg = Debug|Any CPU
		{46BDE1C1-5375-47BC-99AA-355B72B5AFDB}.Debug|Any CPU.Build.0 = Debug|Any CPU
		{46BDE1C1-5375-47BC-99AA-355B72B5AFDB}.Debug|x64.ActiveCfg = Debug|Any CPU
		{46BDE1C1-5375-47BC-99AA-355B72B5AFDB}.Debug|x64.Build.0 = Debug|Any CPU
		{46BDE1C1-5375-47BC-99AA-355B72B5AFDB}.Debug|x86.ActiveCfg = Debug|Any CPU
		{46BDE1C1-5375-47BC-99AA-355B72B5AFDB}.Debug|x86.Build.0 = Debug|Any CPU
		{46BDE1C1-5375-47BC-99AA-355B72B5AFDB}.Release|Any CPU.ActiveCfg = Release|Any CPU
		{46BDE1C1-5375-47BC-99AA-355B72B5AFDB}.Release|Any CPU.Build.0 = Release|Any CPU
		{46BDE1C1-5375-47BC-99AA-355B72B5AFDB}.Release|x64.ActiveCfg = Release|Any CPU
		{46BDE1C1-5375-47BC-99AA-355B72B5AFDB}.Release|x64.Build.0 = Release|Any CPU
		{46BDE1C1-5375-47BC-99AA-355B72B5AFDB}.Release|x86.ActiveCfg = Release|Any CPU
		{46BDE1C1-5375-47BC-99AA-355B72B5AFDB}.Release|x86.Build.0 = Release|Any CPU
		{56F706D3-40A4-4293-8D9C-24D1860E0333}.Debug|Any CPU.ActiveCfg = Debug|Any CPU
		{56F706D3-40A4-4293-8D9C-24D1860E0333}.Debug|Any CPU.Build.0 = Debug|Any CPU
		{56F706D3-40A4-4293-8D9C-24D1860E0333}.Debug|x64.ActiveCfg = Debug|Any CPU
		{56F706D3-40A4-4293-8D9C-24D1860E0333}.Debug|x64.Build.0 = Debug|Any CPU
		{56F706D3-40A4-4293-8D9C-24D1860E0333}.Debug|x86.ActiveCfg = Debug|Any CPU
		{56F706D3-40A4-4293-8D9C-24D1860E0333}.Debug|x86.Build.0 = Debug|Any CPU
		{56F706D3-40A4-4293-8D9C-24D1860E0333}.Release|Any CPU.ActiveCfg = Release|Any CPU
		{56F706D3-40A4-4293-8D9C-24D1860E0333}.Release|Any CPU.Build.0 = Release|Any CPU
		{56F706D3-40A4-4293-8D9C-24D1860E0333}.Release|x64.ActiveCfg = Release|Any CPU
		{56F706D3-40A4-4293-8D9C-24D1860E0333}.Release|x64.Build.0 = Release|Any CPU
		{56F706D3-40A4-4293-8D9C-24D1860E0333}.Release|x86.ActiveCfg = Release|Any CPU
		{56F706D3-40A4-4293-8D9C-24D1860E0333}.Release|x86.Build.0 = Release|Any CPU
		{24A04D75-0FA6-4E09-A48D-A40FA5BFF22E}.Debug|Any CPU.ActiveCfg = Debug|Any CPU
		{24A04D75-0FA6-4E09-A48D-A40FA5BFF22E}.Debug|Any CPU.Build.0 = Debug|Any CPU
		{24A04D75-0FA6-4E09-A48D-A40FA5BFF22E}.Debug|x64.ActiveCfg = Debug|Any CPU
		{24A04D75-0FA6-4E09-A48D-A40FA5BFF22E}.Debug|x64.Build.0 = Debug|Any CPU
		{24A04D75-0FA6-4E09-A48D-A40FA5BFF22E}.Debug|x86.ActiveCfg = Debug|Any CPU
		{24A04D75-0FA6-4E09-A48D-A40FA5BFF22E}.Debug|x86.Build.0 = Debug|Any CPU
		{24A04D75-0FA6-4E09-A48D-A40FA5BFF22E}.Release|Any CPU.ActiveCfg = Release|Any CPU
		{24A04D75-0FA6-4E09-A48D-A40FA5BFF22E}.Release|Any CPU.Build.0 = Release|Any CPU
		{24A04D75-0FA6-4E09-A48D-A40FA5BFF22E}.Release|x64.ActiveCfg = Release|Any CPU
		{24A04D75-0FA6-4E09-A48D-A40FA5BFF22E}.Release|x64.Build.0 = Release|Any CPU
		{24A04D75-0FA6-4E09-A48D-A40FA5BFF22E}.Release|x86.ActiveCfg = Release|Any CPU
		{24A04D75-0FA6-4E09-A48D-A40FA5BFF22E}.Release|x86.Build.0 = Release|Any CPU
		{76079F31-DD29-4BC5-A254-99D437AFB273}.Debug|Any CPU.ActiveCfg = Debug|Any CPU
		{76079F31-DD29-4BC5-A254-99D437AFB273}.Debug|Any CPU.Build.0 = Debug|Any CPU
		{76079F31-DD29-4BC5-A254-99D437AFB273}.Debug|x64.ActiveCfg = Debug|Any CPU
		{76079F31-DD29-4BC5-A254-99D437AFB273}.Debug|x64.Build.0 = Debug|Any CPU
		{76079F31-DD29-4BC5-A254-99D437AFB273}.Debug|x86.ActiveCfg = Debug|Any CPU
		{76079F31-DD29-4BC5-A254-99D437AFB273}.Debug|x86.Build.0 = Debug|Any CPU
		{76079F31-DD29-4BC5-A254-99D437AFB273}.Release|Any CPU.ActiveCfg = Release|Any CPU
		{76079F31-DD29-4BC5-A254-99D437AFB273}.Release|Any CPU.Build.0 = Release|Any CPU
		{76079F31-DD29-4BC5-A254-99D437AFB273}.Release|x64.ActiveCfg = Release|Any CPU
		{76079F31-DD29-4BC5-A254-99D437AFB273}.Release|x64.Build.0 = Release|Any CPU
		{76079F31-DD29-4BC5-A254-99D437AFB273}.Release|x86.ActiveCfg = Release|Any CPU
		{76079F31-DD29-4BC5-A254-99D437AFB273}.Release|x86.Build.0 = Release|Any CPU
		{BEA6AFAB-DF94-416F-823E-771F64EA92EB}.Debug|Any CPU.ActiveCfg = Debug|Any CPU
		{BEA6AFAB-DF94-416F-823E-771F64EA92EB}.Debug|Any CPU.Build.0 = Debug|Any CPU
		{BEA6AFAB-DF94-416F-823E-771F64EA92EB}.Debug|x64.ActiveCfg = Debug|Any CPU
		{BEA6AFAB-DF94-416F-823E-771F64EA92EB}.Debug|x64.Build.0 = Debug|Any CPU
		{BEA6AFAB-DF94-416F-823E-771F64EA92EB}.Debug|x86.ActiveCfg = Debug|Any CPU
		{BEA6AFAB-DF94-416F-823E-771F64EA92EB}.Debug|x86.Build.0 = Debug|Any CPU
		{BEA6AFAB-DF94-416F-823E-771F64EA92EB}.Release|Any CPU.ActiveCfg = Release|Any CPU
		{BEA6AFAB-DF94-416F-823E-771F64EA92EB}.Release|Any CPU.Build.0 = Release|Any CPU
		{BEA6AFAB-DF94-416F-823E-771F64EA92EB}.Release|x64.ActiveCfg = Release|Any CPU
		{BEA6AFAB-DF94-416F-823E-771F64EA92EB}.Release|x64.Build.0 = Release|Any CPU
		{BEA6AFAB-DF94-416F-823E-771F64EA92EB}.Release|x86.ActiveCfg = Release|Any CPU
		{BEA6AFAB-DF94-416F-823E-771F64EA92EB}.Release|x86.Build.0 = Release|Any CPU
		{DA4532B7-EFF4-4C2E-B7EC-A4B3D9FBBD9D}.Debug|Any CPU.ActiveCfg = Debug|Any CPU
		{DA4532B7-EFF4-4C2E-B7EC-A4B3D9FBBD9D}.Debug|Any CPU.Build.0 = Debug|Any CPU
		{DA4532B7-EFF4-4C2E-B7EC-A4B3D9FBBD9D}.Debug|x64.ActiveCfg = Debug|Any CPU
		{DA4532B7-EFF4-4C2E-B7EC-A4B3D9FBBD9D}.Debug|x64.Build.0 = Debug|Any CPU
		{DA4532B7-EFF4-4C2E-B7EC-A4B3D9FBBD9D}.Debug|x86.ActiveCfg = Debug|Any CPU
		{DA4532B7-EFF4-4C2E-B7EC-A4B3D9FBBD9D}.Debug|x86.Build.0 = Debug|Any CPU
		{DA4532B7-EFF4-4C2E-B7EC-A4B3D9FBBD9D}.Release|Any CPU.ActiveCfg = Release|Any CPU
		{DA4532B7-EFF4-4C2E-B7EC-A4B3D9FBBD9D}.Release|Any CPU.Build.0 = Release|Any CPU
		{DA4532B7-EFF4-4C2E-B7EC-A4B3D9FBBD9D}.Release|x64.ActiveCfg = Release|Any CPU
		{DA4532B7-EFF4-4C2E-B7EC-A4B3D9FBBD9D}.Release|x64.Build.0 = Release|Any CPU
		{DA4532B7-EFF4-4C2E-B7EC-A4B3D9FBBD9D}.Release|x86.ActiveCfg = Release|Any CPU
		{DA4532B7-EFF4-4C2E-B7EC-A4B3D9FBBD9D}.Release|x86.Build.0 = Release|Any CPU
	EndGlobalSection
	GlobalSection(SolutionProperties) = preSolution
		HideSolutionNode = FALSE
	EndGlobalSection
	GlobalSection(NestedProjects) = preSolution
		{1302BBAC-6D51-46BC-B0DC-DA1C43B1B3D4} = {02EA681E-C7D8-13C7-8484-4AC65E1B71E8}
		{3BFDBC92-F2B0-4772-9FAE-B2643F3AF102} = {02EA681E-C7D8-13C7-8484-4AC65E1B71E8}
		{AED6AFEB-4196-468D-8EAA-E16A31656599} = {02EA681E-C7D8-13C7-8484-4AC65E1B71E8}
		{C6AF7156-0A15-44F3-BD09-EEEC107BAE58} = {1302BBAC-6D51-46BC-B0DC-DA1C43B1B3D4}
		{F411AB95-C633-434E-8E9E-20617A65FEF1} = {1302BBAC-6D51-46BC-B0DC-DA1C43B1B3D4}
		{1F50CB0F-849C-4599-8C73-6A12261E8756} = {3BFDBC92-F2B0-4772-9FAE-B2643F3AF102}
		{10A68DF2-79BA-4DED-AB1B-965909180BA6} = {AED6AFEB-4196-468D-8EAA-E16A31656599}
		{D0D6D65D-2535-42B0-85C7-B3CA2D943B64} = {3BFDBC92-F2B0-4772-9FAE-B2643F3AF102}
		{190CDD97-E8C5-46E2-9626-5BBD9B2564EA} = {02EA681E-C7D8-13C7-8484-4AC65E1B71E8}
		{ABD55F91-849E-4687-9F74-24727BE62A4D} = {02EA681E-C7D8-13C7-8484-4AC65E1B71E8}
		{F8BEE674-F66F-466C-8E11-3FCFA9DC11C7} = {02EA681E-C7D8-13C7-8484-4AC65E1B71E8}
		{9D556B49-86D1-93A7-9596-FFAAB74EC556} = {0AB3BF05-4346-4AA6-1389-037BE0695223}
		{46BDE1C1-5375-47BC-99AA-355B72B5AFDB} = {9D556B49-86D1-93A7-9596-FFAAB74EC556}
		{56F706D3-40A4-4293-8D9C-24D1860E0333} = {9D556B49-86D1-93A7-9596-FFAAB74EC556}
		{24A04D75-0FA6-4E09-A48D-A40FA5BFF22E} = {9D556B49-86D1-93A7-9596-FFAAB74EC556}
		{76079F31-DD29-4BC5-A254-99D437AFB273} = {9D556B49-86D1-93A7-9596-FFAAB74EC556}
		{BEA6AFAB-DF94-416F-823E-771F64EA92EB} = {9D556B49-86D1-93A7-9596-FFAAB74EC556}
		{DA4532B7-EFF4-4C2E-B7EC-A4B3D9FBBD9D} = {9D556B49-86D1-93A7-9596-FFAAB74EC556}
	EndGlobalSection
	GlobalSection(ExtensibilityGlobals) = postSolution
		SolutionGuid = {2F44F7F4-6D38-4195-9AFC-97FD9B4141F8}
	EndGlobalSection
EndGlobal
